
Microsoft Visual Studio Solution File, Format Version 12.00
# Visual Studio 2015
Project("{FAE04EC0-301F-11D3-BF4B-00C04F79EFBC}") = "Wrath of Dabba2D.CSharp.Plugins", "Wrath of Dabba2D.CSharp.Plugins.csproj", "{BC0D33D4-5E84-B26A-1BBB-B7AF3D8AD737}"
EndProject
Project("{FAE04EC0-301F-11D3-BF4B-00C04F79EFBC}") = "Wrath of Dabba2D.CSharp", "Wrath of Dabba2D.CSharp.csproj", "{D937AA06-BDDE-3EE9-8B66-298FC1E4F6ED}"
EndProject
Project("{FAE04EC0-301F-11D3-BF4B-00C04F79EFBC}") = "Wrath of Dabba2D.CSharp.Editor", "Wrath of Dabba2D.CSharp.Editor.csproj", "{BCFA62EF-DC4A-32F4-52DC-882AE2CE264C}"
EndProject
Global
	GlobalSection(SolutionConfigurationPlatforms) = preSolution
		Debug|Any CPU = Debug|Any CPU
		Release|Any CPU = Release|Any CPU
	EndGlobalSection
	GlobalSection(ProjectConfigurationPlatforms) = postSolution
		{BC0D33D4-5E84-B26A-1BBB-B7AF3D8AD737}.Debug|Any CPU.ActiveCfg = Debug|Any CPU
		{BC0D33D4-5E84-B26A-1BBB-B7AF3D8AD737}.Debug|Any CPU.Build.0 = Debug|Any CPU
		{BC0D33D4-5E84-B26A-1BBB-B7AF3D8AD737}.Release|Any CPU.ActiveCfg = Release|Any CPU
		{BC0D33D4-5E84-B26A-1BBB-B7AF3D8AD737}.Release|Any CPU.Build.0 = Release|Any CPU
		{D937AA06-BDDE-3EE9-8B66-298FC1E4F6ED}.Debug|Any CPU.ActiveCfg = Debug|Any CPU
		{D937AA06-BDDE-3EE9-8B66-298FC1E4F6ED}.Debug|Any CPU.Build.0 = Debug|Any CPU
		{D937AA06-BDDE-3EE9-8B66-298FC1E4F6ED}.Release|Any CPU.ActiveCfg = Release|Any CPU
		{D937AA06-BDDE-3EE9-8B66-298FC1E4F6ED}.Release|Any CPU.Build.0 = Release|Any CPU
		{BCFA62EF-DC4A-32F4-52DC-882AE2CE264C}.Debug|Any CPU.ActiveCfg = Debug|Any CPU
		{BCFA62EF-DC4A-32F4-52DC-882AE2CE264C}.Debug|Any CPU.Build.0 = Debug|Any CPU
		{BCFA62EF-DC4A-32F4-52DC-882AE2CE264C}.Release|Any CPU.ActiveCfg = Release|Any CPU
		{BCFA62EF-DC4A-32F4-52DC-882AE2CE264C}.Release|Any CPU.Build.0 = Release|Any CPU
	EndGlobalSection
	GlobalSection(SolutionProperties) = preSolution
		HideSolutionNode = FALSE
	EndGlobalSection
EndGlobal
